
Microsoft Visual Studio Solution File, Format Version 12.00
Project("{FAE04EC0-301F-11D3-BF4B-00C04F79EFBC}") = "CSharp", "CSharp\CSharp.csproj", "{FB3B10DE-5676-4893-8FF3-E353779906E4}"
EndProject
Project("{F2A71F9B-5D33-465A-A702-920D77279786}") = "FSharp", "FSharp\FSharp.fsproj", "{16B061FB-21DE-4859-956B-FE1A8883AFCC}"
EndProject
Project("{2150E333-8FDC-42A3-9474-1A3956D46DE8}") = "Presentation", "Presentation", "{A128E887-5470-446C-A5D4-27341D8B1357}"
ProjectSection(SolutionItems) = preProject
	Presentation.md = Presentation.md
EndProjectSection
EndProject
Global
	GlobalSection(SolutionConfigurationPlatforms) = preSolution
		Debug|Any CPU = Debug|Any CPU
		Release|Any CPU = Release|Any CPU
	EndGlobalSection
	GlobalSection(ProjectConfigurationPlatforms) = postSolution
		{FB3B10DE-5676-4893-8FF3-E353779906E4}.Debug|Any CPU.ActiveCfg = Debug|Any CPU
		{FB3B10DE-5676-4893-8FF3-E353779906E4}.Debug|Any CPU.Build.0 = Debug|Any CPU
		{FB3B10DE-5676-4893-8FF3-E353779906E4}.Release|Any CPU.ActiveCfg = Release|Any CPU
		{FB3B10DE-5676-4893-8FF3-E353779906E4}.Release|Any CPU.Build.0 = Release|Any CPU
		{16B061FB-21DE-4859-956B-FE1A8883AFCC}.Debug|Any CPU.ActiveCfg = Debug|Any CPU
		{16B061FB-21DE-4859-956B-FE1A8883AFCC}.Debug|Any CPU.Build.0 = Debug|Any CPU
		{16B061FB-21DE-4859-956B-FE1A8883AFCC}.Release|Any CPU.ActiveCfg = Release|Any CPU
		{16B061FB-21DE-4859-956B-FE1A8883AFCC}.Release|Any CPU.Build.0 = Release|Any CPU
	EndGlobalSection
EndGlobal
